
Microsoft Visual Studio Solution File, Format Version 12.00
# Visual Studio Version 17
VisualStudioVersion = 17.2.32516.85
MinimumVisualStudioVersion = 10.0.40219.1
Project("{FAE04EC0-301F-11D3-BF4B-00C04F79EFBC}") = "RestaurantAPI", "RestaurantAPI\RestaurantAPI.csproj", "{0BAA22BD-A677-4ABE-8E35-EA39A5C82B08}"
EndProject
Global
	GlobalSection(SolutionConfigurationPlatforms) = preSolution
		Debug|Any CPU = Debug|Any CPU
		Release|Any CPU = Release|Any CPU
	EndGlobalSection
	GlobalSection(ProjectConfigurationPlatforms) = postSolution
		{0BAA22BD-A677-4ABE-8E35-EA39A5C82B08}.Debug|Any CPU.ActiveCfg = Debug|Any CPU
		{0BAA22BD-A677-4ABE-8E35-EA39A5C82B08}.Debug|Any CPU.Build.0 = Debug|Any CPU
		{0BAA22BD-A677-4ABE-8E35-EA39A5C82B08}.Release|Any CPU.ActiveCfg = Release|Any CPU
		{0BAA22BD-A677-4ABE-8E35-EA39A5C82B08}.Release|Any CPU.Build.0 = Release|Any CPU
	EndGlobalSection
	GlobalSection(SolutionProperties) = preSolution
		HideSolutionNode = FALSE
	EndGlobalSection
	GlobalSection(ExtensibilityGlobals) = postSolution
		SolutionGuid = {A72A29EA-925A-45DF-96FD-AC836D210921}
	EndGlobalSection
EndGlobal
